# This file is automatically @generated by Poetry 1.7.1 and should not be changed by hand.

[[package]]
name = "loadenv"
version = "0.1.1"
description = "Automatically load environment variables into structured Python data"
optional = false
python-versions = ">=3.6"
files = [
    {file = "loadenv-0.1.1-py3-none-any.whl", hash = "sha256:e06a1d86ea1ad89a96aeb470d27de8d569a980ad7c6fd0dd0ee416cc11919853"},
    {file = "loadenv-0.1.1.tar.gz", hash = "sha256:8dde4a80cf733323880c118659685d822f9d1311fa15b3d7e1e2aa28223aba29"},
]

[package.extras]
test = ["tox"]

[metadata]
lock-version = "2.0"
python-versions = "^3.10"
content-hash = "60b451d9a69699804afae4697a10c8f35c059cad9ac95d633f79448e4f1c9dd2"
